{
  "name": "hospital_management_system",
  "lockfileVersion": 3,
  "requires": true,
  "packages": {
    "": {
      "dependencies": {
        "@tabler/icons-react": "^3.28.1"
      }
    },
    "node_modules/@tabler/icons": {
      "version": "3.28.1",
      "resolved": "https://registry.npmjs.org/@tabler/icons/-/icons-3.28.1.tgz",
      "integrity": "sha512-h7nqKEvFooLtFxhMOC1/2eiV+KRXhBUuDUUJrJlt6Ft6tuMw2eU/9GLQgrTk41DNmIEzp/LI83K9J9UUU8YBYQ==",
      "license": "MIT",
      "funding": {
        "type": "github",
        "url": "https://github.com/sponsors/codecalm"
      }
    },
    "node_modules/@tabler/icons-react": {
      "version": "3.28.1",
      "resolved": "https://registry.npmjs.org/@tabler/icons-react/-/icons-react-3.28.1.tgz",
      "integrity": "sha512-KNBpA2kbxr3/2YK5swt7b/kd/xpDP1FHYZCxDFIw54tX8slELRFEf95VMxsccQHZeIcUbdoojmUUuYSbt/sM5Q==",
      "license": "MIT",
      "dependencies": {
        "@tabler/icons": "3.28.1"
      },
      "funding": {
        "type": "github",
        "url": "https://github.com/sponsors/codecalm"
      },
      "peerDependencies": {
        "react": ">= 16"
      }
    },
    "node_modules/react": {
      "version": "19.0.0",
      "resolved": "https://registry.npmjs.org/react/-/react-19.0.0.tgz",
      "integrity": "sha512-V8AVnmPIICiWpGfm6GLzCR/W5FXLchHop40W4nXBmdlEceh16rCN8O8LNWm5bh5XUX91fh7KpA+W0TgMKmgTpQ==",
      "license": "MIT",
      "peer": true,
      "engines": {
        "node": ">=0.10.0"
      }
    }
  }
}
